
Microsoft Visual Studio Solution File, Format Version 12.00
# Visual Studio Version 17
VisualStudioVersion = 17.13.35825.156 d17.13
MinimumVisualStudioVersion = 10.0.40219.1
Project("{C9674DCB-5085-4A16-B785-4C70DD1589BD}") = "SupermarketDW_ETL_11095", "SupermarketDW_ETL_11095\SupermarketDW_ETL_11095.dtproj", "{9D4F6B78-9C18-447D-5752-E863D24587E6}"
EndProject
Global
	GlobalSection(SolutionConfigurationPlatforms) = preSolution
		Development|Default = Development|Default
	EndGlobalSection
	GlobalSection(ProjectConfigurationPlatforms) = postSolution
		{9D4F6B78-9C18-447D-5752-E863D24587E6}.Development|Default.ActiveCfg = Development
		{9D4F6B78-9C18-447D-5752-E863D24587E6}.Development|Default.Build.0 = Development
	EndGlobalSection
	GlobalSection(SolutionProperties) = preSolution
		HideSolutionNode = FALSE
	EndGlobalSection
	GlobalSection(ExtensibilityGlobals) = postSolution
		SolutionGuid = {070ACD47-E0DF-427E-99AB-9B3E502F98AE}
	EndGlobalSection
EndGlobal
